
Microsoft Visual Studio Solution File, Format Version 12.00
# Visual Studio Version 16
VisualStudioVersion = 16.0.31424.327
MinimumVisualStudioVersion = 10.0.40219.1
Project("{FAE04EC0-301F-11D3-BF4B-00C04F79EFBC}") = "Name list", "Name list.csproj", "{AE1C20EB-5613-4EDA-8673-2CF67CDCE6F7}"
EndProject
Global
	GlobalSection(SolutionConfigurationPlatforms) = preSolution
		Debug|Any CPU = Debug|Any CPU
		Release|Any CPU = Release|Any CPU
	EndGlobalSection
	GlobalSection(ProjectConfigurationPlatforms) = postSolution
		{AE1C20EB-5613-4EDA-8673-2CF67CDCE6F7}.Debug|Any CPU.ActiveCfg = Debug|Any CPU
		{AE1C20EB-5613-4EDA-8673-2CF67CDCE6F7}.Debug|Any CPU.Build.0 = Debug|Any CPU
		{AE1C20EB-5613-4EDA-8673-2CF67CDCE6F7}.Release|Any CPU.ActiveCfg = Release|Any CPU
		{AE1C20EB-5613-4EDA-8673-2CF67CDCE6F7}.Release|Any CPU.Build.0 = Release|Any CPU
	EndGlobalSection
	GlobalSection(SolutionProperties) = preSolution
		HideSolutionNode = FALSE
	EndGlobalSection
	GlobalSection(ExtensibilityGlobals) = postSolution
		SolutionGuid = {0053F9F4-C2AE-4E69-A502-D651163F1820}
	EndGlobalSection
EndGlobal
